<?xml version="1.0" encoding="utf-8"?>
<Project ToolsVersion="4.0" xmlns="http://schemas.microsoft.com/developer/msbuild/2003">
  <ItemGroup>
    <ClCompile Include="character.cpp" />
    <ClCompile Include="gameConfig.cpp" />
    <ClCompile Include="host\FolderWatcher-win.cpp">
      <Filter>host</Filter>
    </ClCompile>
    <ClCompile Include="host\GlutHost.cpp">
      <Filter>host</Filter>
    </ClCompile>
    <ClCompile Include="host\GlutHostMain.cpp">
      <Filter>host</Filter>
    </ClCompile>
    <ClCompile Include="host\ParticlePresets.cpp">
      <Filter>host</Filter>
    </ClCompile>
    <ClCompile Include="stdafx.cpp" />
    <ClCompile Include="pathfinding\pathfinder.cpp">
      <Filter>pathfinder</Filter>
    </ClCompile>
    <ClCompile Include="src\AlignSteering.cpp">
      <Filter>Steerings</Filter>
    </ClCompile>
    <ClCompile Include="src\AlignToMovementSteering.cpp">
      <Filter>Steerings</Filter>
    </ClCompile>
    <ClCompile Include="src\ArriveSteering.cpp">
      <Filter>Steerings</Filter>
    </ClCompile>
    <ClCompile Include="src\BlendPFOA.cpp">
      <Filter>Steerings</Filter>
    </ClCompile>
    <ClCompile Include="src\ObstacleAvoidanceSteering.cpp">
      <Filter>Steerings</Filter>
    </ClCompile>
    <ClCompile Include="src\Path.cpp">
      <Filter>Steerings</Filter>
    </ClCompile>
    <ClCompile Include="src\PathFollowingSteering.cpp">
      <Filter>Steerings</Filter>
    </ClCompile>
    <ClCompile Include="src\SeekSteering.cpp">
      <Filter>Steerings</Filter>
    </ClCompile>
    <ClCompile Include="params.cpp" />
    <ClCompile Include="src\Behavior.cpp">
      <Filter>Behavior Tree</Filter>
    </ClCompile>
    <ClCompile Include="src\Sequence.cpp">
      <Filter>Behavior Tree</Filter>
    </ClCompile>
    <ClCompile Include="src\Selector.cpp">
      <Filter>Behavior Tree</Filter>
    </ClCompile>
    <ClCompile Include="src\enemyBT.cpp">
      <Filter>Behavior Tree</Filter>
    </ClCompile>
    <ClCompile Include="src\Blackboard.cpp">
      <Filter>Behavior Tree</Filter>
    </ClCompile>
    <ClCompile Include="src\MoveTo.cpp">
      <Filter>Behavior Tree\Tasks</Filter>
    </ClCompile>
    <ClCompile Include="src\NewRandomPoint.cpp">
      <Filter>Behavior Tree\Tasks</Filter>
    </ClCompile>
    <ClCompile Include="src\IsLowLife.cpp">
      <Filter>Behavior Tree\Tasks</Filter>
    </ClCompile>
    <ClCompile Include="src\Run.cpp">
      <Filter>Behavior Tree\Tasks</Filter>
    </ClCompile>
  </ItemGroup>
  <ItemGroup>
    <ClInclude Include="character.h" />
    <ClInclude Include="gameConfig.h" />
    <ClInclude Include="host\FolderWatcher-win.h">
      <Filter>host</Filter>
    </ClInclude>
    <ClInclude Include="host\GlutHost.h">
      <Filter>host</Filter>
    </ClInclude>
    <ClInclude Include="host\ParticlePresets.h">
      <Filter>host</Filter>
    </ClInclude>
    <ClInclude Include="stdafx.h" />
    <ClInclude Include="pathfinding\pathfinder.h">
      <Filter>pathfinder</Filter>
    </ClInclude>
    <ClInclude Include="include\AlignSteering.h">
      <Filter>Steerings</Filter>
    </ClInclude>
    <ClInclude Include="include\AlignToMovementSteering.h">
      <Filter>Steerings</Filter>
    </ClInclude>
    <ClInclude Include="include\ArriveSteering.h">
      <Filter>Steerings</Filter>
    </ClInclude>
    <ClInclude Include="include\BlendPFOA.h">
      <Filter>Steerings</Filter>
    </ClInclude>
    <ClInclude Include="include\ISteering.h">
      <Filter>Steerings</Filter>
    </ClInclude>
    <ClInclude Include="include\ObstacleAvoidanceSteering.h">
      <Filter>Steerings</Filter>
    </ClInclude>
    <ClInclude Include="include\Path.h">
      <Filter>Steerings</Filter>
    </ClInclude>
    <ClInclude Include="include\PathFollowingSteering.h">
      <Filter>Steerings</Filter>
    </ClInclude>
    <ClInclude Include="include\SeekSteering.h">
      <Filter>Steerings</Filter>
    </ClInclude>
    <ClInclude Include="include\Steerings.h">
      <Filter>Steerings</Filter>
    </ClInclude>
    <ClInclude Include="params.h" />
    <ClInclude Include="include\Behavior.h">
      <Filter>Behavior Tree</Filter>
    </ClInclude>
    <ClInclude Include="include\Group.h">
      <Filter>Behavior Tree</Filter>
    </ClInclude>
    <ClInclude Include="include\Sequence.h">
      <Filter>Behavior Tree</Filter>
    </ClInclude>
    <ClInclude Include="include\Selector.h">
      <Filter>Behavior Tree</Filter>
    </ClInclude>
    <ClInclude Include="include\enemyBT.h">
      <Filter>Behavior Tree</Filter>
    </ClInclude>
    <ClInclude Include="include\Blackboard.h">
      <Filter>Behavior Tree</Filter>
    </ClInclude>
    <ClInclude Include="include\MoveTo.h">
      <Filter>Behavior Tree\Tasks</Filter>
    </ClInclude>
    <ClInclude Include="include\NewRandomPoint.h">
      <Filter>Behavior Tree\Tasks</Filter>
    </ClInclude>
    <ClInclude Include="include\IsLowLife.h">
      <Filter>Behavior Tree\Tasks</Filter>
    </ClInclude>
    <ClInclude Include="include\Run.h">
      <Filter>Behavior Tree\Tasks</Filter>
    </ClInclude>
  </ItemGroup>
  <ItemGroup>
    <Filter Include="host">
      <UniqueIdentifier>{87717a51-4516-4c06-a1de-c6b89a5c16e0}</UniqueIdentifier>
    </Filter>
    <Filter Include="sample">
      <UniqueIdentifier>{dafee91e-18b1-4dd7-a488-726565484f1c}</UniqueIdentifier>
    </Filter>
    <Filter Include="pathfinder">
      <UniqueIdentifier>{47ed7435-33e6-42c5-a299-696662ae0eb2}</UniqueIdentifier>
    </Filter>
    <Filter Include="Steerings">
      <UniqueIdentifier>{f1e55815-2f17-46e2-8e00-f30d65164a37}</UniqueIdentifier>
    </Filter>
    <Filter Include="Behavior Tree">
      <UniqueIdentifier>{829dd896-c0c6-4a82-9555-6dc7bdf72339}</UniqueIdentifier>
    </Filter>
    <Filter Include="Behavior Tree\Tasks">
      <UniqueIdentifier>{dbd41d6e-756a-4ce2-9376-cf82d610578d}</UniqueIdentifier>
    </Filter>
  </ItemGroup>
  <ItemGroup>
    <None Include="sample\test.lua">
      <Filter>sample</Filter>
    </None>
  </ItemGroup>
</Project>